
Microsoft Visual Studio Solution File, Format Version 12.00
# Visual Studio Version 17
VisualStudioVersion = 17.6.33712.159
MinimumVisualStudioVersion = 10.0.40219.1
Project("{9A19103F-16F7-4668-BE54-9A1E7A4F7556}") = "Telegram bot test 2", "..\Telegram bot test 2\Telegram bot test 2.csproj", "{5F3520EC-61B1-4CDB-9305-D33E0F78C105}"
EndProject
Global
	GlobalSection(SolutionConfigurationPlatforms) = preSolution
		Debug|Any CPU = Debug|Any CPU
		Release|Any CPU = Release|Any CPU
		Telegram Bot|Any CPU = Telegram Bot|Any CPU
	EndGlobalSection
	GlobalSection(ProjectConfigurationPlatforms) = postSolution
		{5F3520EC-61B1-4CDB-9305-D33E0F78C105}.Debug|Any CPU.ActiveCfg = Debug|Any CPU
		{5F3520EC-61B1-4CDB-9305-D33E0F78C105}.Debug|Any CPU.Build.0 = Debug|Any CPU
		{5F3520EC-61B1-4CDB-9305-D33E0F78C105}.Release|Any CPU.ActiveCfg = Release|Any CPU
		{5F3520EC-61B1-4CDB-9305-D33E0F78C105}.Release|Any CPU.Build.0 = Release|Any CPU
		{5F3520EC-61B1-4CDB-9305-D33E0F78C105}.Telegram Bot|Any CPU.ActiveCfg = Telegram Bot|Any CPU
		{5F3520EC-61B1-4CDB-9305-D33E0F78C105}.Telegram Bot|Any CPU.Build.0 = Telegram Bot|Any CPU
	EndGlobalSection
	GlobalSection(SolutionProperties) = preSolution
		HideSolutionNode = FALSE
	EndGlobalSection
	GlobalSection(ExtensibilityGlobals) = postSolution
		SolutionGuid = {30937CF8-8E05-48E6-89B8-A925555F0A3E}
	EndGlobalSection
EndGlobal
